{
  "lockfileVersion": 1,
  "configVersion": 1,
  "workspaces": {
    "": {
      "dependencies": {
        "@opencode-ai/plugin": "1.1.39",
      },
    },
  },
  "packages": {
    "@opencode-ai/plugin": ["@opencode-ai/plugin@1.1.39", "", { "dependencies": { "@opencode-ai/sdk": "1.1.39", "zod": "4.1.8" } }, "sha512-PAdVYNZeRW9pCi4+t+Dp88hoPgEIiS5uJT31hUXLhZEfBvgaLNP38WhXwRNWbwSaNXudWOu/a5DzYNbU84uvHQ=="],

    "@opencode-ai/sdk": ["@opencode-ai/sdk@1.1.39", "", {}, "sha512-EUYBZAci0bzG9+a7JVINmqAqis71ipG2/D3juvmvvKFyu0YBIT/6b+g3+p82Eb5CU2dujxpPdJJCaexZ1389eQ=="],

    "zod": ["zod@4.1.8", "", {}, "sha512-5R1P+WwQqmmMIEACyzSvo4JXHY5WiAFHRMg+zBZKgKS+Q1viRa0C1hmUKtHltoIFKtIdki3pRxkmpP74jnNYHQ=="],
  }
}
