{
  "lockfileVersion": 1,
  "configVersion": 0,
  "workspaces": {
    "": {
      "name": "dev-env",
      "devDependencies": {
        "turbo": "latest",
      },
    },
    "packages/dotfiles": {
      "name": "dotfiles",
      "version": "0.0.1",
    },
    "packages/nix": {
      "name": "nix-config",
      "version": "0.0.1",
    },
    "packages/node-tools": {
      "name": "node-tools",
      "version": "0.0.1",
      "dependencies": {
        "@typescript/native-preview": "latest",
      },
    },
    "packages/zmk": {
      "name": "zmk-config",
      "version": "0.0.1",
    },
  },
  "trustedDependencies": [
    "turbo",
  ],
  "packages": {
    "@typescript/native-preview": ["@typescript/native-preview@7.0.0-dev.20250607.1", "", { "optionalDependencies": { "@typescript/native-preview-darwin-arm64": "7.0.0-dev.20250607.1", "@typescript/native-preview-darwin-x64": "7.0.0-dev.20250607.1", "@typescript/native-preview-linux-arm": "7.0.0-dev.20250607.1", "@typescript/native-preview-linux-arm64": "7.0.0-dev.20250607.1", "@typescript/native-preview-linux-x64": "7.0.0-dev.20250607.1", "@typescript/native-preview-win32-arm64": "7.0.0-dev.20250607.1", "@typescript/native-preview-win32-x64": "7.0.0-dev.20250607.1" }, "bin": { "tsgo": "bin/tsgo.js" } }, "sha512-bsuApqSBq86rh2RC9VW0TOzskKwUckV8hLbDQRRuwpcEb3J2XbhryTfspQIjhpFDfjSk0vEgvhGA/BINvdKl0Q=="],

    "@typescript/native-preview-darwin-arm64": ["@typescript/native-preview-darwin-arm64@7.0.0-dev.20250607.1", "", { "os": "darwin", "cpu": "arm64" }, "sha512-i1tpSz6aajOdudeZ46OqLMw4L/tmgVpoGaTrVC8rVQNf4+npFzvdLJcBECVqZONEEEcg+iJgTwchRjRu0QlWOg=="],

    "@typescript/native-preview-darwin-x64": ["@typescript/native-preview-darwin-x64@7.0.0-dev.20250607.1", "", { "os": "darwin", "cpu": "x64" }, "sha512-1uDL8uOiHtIHU3swngGnS7k5WD+jplhnkFoa0WrdIkYmOsm+85r/cD4HIcrdHdAL2U3db7Un984NsMyI70RlSA=="],

    "@typescript/native-preview-linux-arm": ["@typescript/native-preview-linux-arm@7.0.0-dev.20250607.1", "", { "os": "linux", "cpu": "arm" }, "sha512-xuBtCpd+E2kh7jxrNzX14N4aL4kAGQXWfOPJlUHBueX1PI9BwKrfuDxahbjoutrK5m45Dwm3roiDFOiIkJjoIQ=="],

    "@typescript/native-preview-linux-arm64": ["@typescript/native-preview-linux-arm64@7.0.0-dev.20250607.1", "", { "os": "linux", "cpu": "arm64" }, "sha512-wIodgimMxbSSOJ/E/DLd7tDY66gLQz87c0BA5G30x92GI8IK58OvIv77mN+v3zUYp4nVlRqr8hozXBWWunqs8g=="],

    "@typescript/native-preview-linux-x64": ["@typescript/native-preview-linux-x64@7.0.0-dev.20250607.1", "", { "os": "linux", "cpu": "x64" }, "sha512-hsKjPTDGn95w7yC5JshWzyoXNSbSg4pPfoFBnHfBwHlgUO0Mf+PQaFBq9trEkgAgnH725PxH18QWKJrlwtXP2A=="],

    "@typescript/native-preview-win32-arm64": ["@typescript/native-preview-win32-arm64@7.0.0-dev.20250607.1", "", { "os": "win32", "cpu": "arm64" }, "sha512-v4DMFli8v2c2NKbnscaik2aWamL8Q+OOeLQ3a5kZz80EUUkoop27YhNLEsVJccGtoqeyWjPaJdHGZhj2XfDQAg=="],

    "@typescript/native-preview-win32-x64": ["@typescript/native-preview-win32-x64@7.0.0-dev.20250607.1", "", { "os": "win32", "cpu": "x64" }, "sha512-RmUTenoe+6wotEYoM9ycICVBLt9lqTpzvco5rLs6lynOrOgYoEmCoj+oX17kKk8/009NMXQ3CNxkz1du1C16ug=="],

    "dotfiles": ["dotfiles@workspace:packages/dotfiles"],

    "nix-config": ["nix-config@workspace:packages/nix"],

    "node-tools": ["node-tools@workspace:packages/node-tools"],

    "turbo": ["turbo@2.5.2", "", { "optionalDependencies": { "turbo-darwin-64": "2.5.2", "turbo-darwin-arm64": "2.5.2", "turbo-linux-64": "2.5.2", "turbo-linux-arm64": "2.5.2", "turbo-windows-64": "2.5.2", "turbo-windows-arm64": "2.5.2" }, "bin": { "turbo": "bin/turbo" } }, "sha512-Qo5lfuStr6LQh3sPQl7kIi243bGU4aHGDQJUf6ylAdGwks30jJFloc9NYHP7Y373+gGU9OS0faA4Mb5Sy8X9Xw=="],

    "turbo-darwin-64": ["turbo-darwin-64@2.5.2", "", { "os": "darwin", "cpu": "x64" }, "sha512-2aIl0Sx230nLk+Cg2qSVxvPOBWCZpwKNuAMKoROTvWKif6VMpkWWiR9XEPoz7sHeLmCOed4GYGMjL1bqAiIS/g=="],

    "turbo-darwin-arm64": ["turbo-darwin-arm64@2.5.2", "", { "os": "darwin", "cpu": "arm64" }, "sha512-MrFYhK/jYu8N6QlqZtqSHi3e4QVxlzqU3ANHTKn3/tThuwTLbNHEvzBPWSj5W7nZcM58dCqi6gYrfRz6bJZyAA=="],

    "turbo-linux-64": ["turbo-linux-64@2.5.2", "", { "os": "linux", "cpu": "x64" }, "sha512-LxNqUE2HmAJQ/8deoLgMUDzKxd5bKxqH0UBogWa+DF+JcXhtze3UTMr6lEr0dEofdsEUYK1zg8FRjglmwlN5YA=="],

    "turbo-linux-arm64": ["turbo-linux-arm64@2.5.2", "", { "os": "linux", "cpu": "arm64" }, "sha512-0MI1Ao1q8zhd+UUbIEsrM+yLq1BsrcJQRGZkxIsHFlGp7WQQH1oR3laBgfnUCNdCotCMD6w4moc9pUbXdOR3bg=="],

    "turbo-windows-64": ["turbo-windows-64@2.5.2", "", { "os": "win32", "cpu": "x64" }, "sha512-hOLcbgZzE5ttACHHyc1ajmWYq4zKT42IC3G6XqgiXxMbS+4eyVYTL+7UvCZBd3Kca1u4TLQdLQjeO76zyDJc2A=="],

    "turbo-windows-arm64": ["turbo-windows-arm64@2.5.2", "", { "os": "win32", "cpu": "arm64" }, "sha512-fMU41ABhSLa18H8V3Z7BMCGynQ8x+wj9WyBMvWm1jeyRKgkvUYJsO2vkIsy8m0vrwnIeVXKOIn6eSe1ddlBVqw=="],

    "zmk-config": ["zmk-config@workspace:packages/zmk"],
  }
}
