{
  "nodes": {
    "brew-src": {
      "flake": false,
      "locked": {
        "lastModified": 1758543057,
        "narHash": "sha256-lw3V2jOGYphUFHYQ5oARcb6urlbNpUCLJy1qhsGdUmc=",
        "owner": "Homebrew",
        "repo": "brew",
        "rev": "5b236456eb93133c2bd0d60ef35ed63f1c0712f6",
        "type": "github"
      },
      "original": {
        "owner": "Homebrew",
        "ref": "4.6.12",
        "repo": "brew",
        "type": "github"
      }
    },
    "darwin": {
      "inputs": {
        "nixpkgs": [
          "nixpkgs"
        ]
      },
      "locked": {
        "lastModified": 1758447883,
        "narHash": "sha256-yGA6MV0E4JSEXqLTb4ZZkmdJZcoQ8HUzihRRX12Bvpg=",
        "owner": "LnL7",
        "repo": "nix-darwin",
        "rev": "25381509d5c91bbf3c30e23abc6d8476d2143cd1",
        "type": "github"
      },
      "original": {
        "owner": "LnL7",
        "repo": "nix-darwin",
        "type": "github"
      }
    },
    "homebrew-cask": {
      "flake": false,
      "locked": {
        "lastModified": 1758754431,
        "narHash": "sha256-Oe76akq+PFH/diTGiRWC0u4c/JvDHrdEAouukAtAHSg=",
        "owner": "homebrew",
        "repo": "homebrew-cask",
        "rev": "0f5bf061b3827543c55f7f0c3b6b6f2df83eb269",
        "type": "github"
      },
      "original": {
        "owner": "homebrew",
        "repo": "homebrew-cask",
        "type": "github"
      }
    },
    "homebrew-core": {
      "flake": false,
      "locked": {
        "lastModified": 1758757338,
        "narHash": "sha256-k8rsZmkowGJZN7wKzj8SrSBVdvLkdhY/k4RE2TIigTk=",
        "owner": "homebrew",
        "repo": "homebrew-core",
        "rev": "3f5e097e4bb219c6193a267936baba0f5b11fe0a",
        "type": "github"
      },
      "original": {
        "owner": "homebrew",
        "repo": "homebrew-core",
        "type": "github"
      }
    },
    "nix-homebrew": {
      "inputs": {
        "brew-src": "brew-src"
      },
      "locked": {
        "lastModified": 1758598228,
        "narHash": "sha256-qr60maXGbZ4FX5tejPRI3nr0bnRTnZ3AbbbfO6/6jq4=",
        "owner": "zhaofengli-wip",
        "repo": "nix-homebrew",
        "rev": "f36e5db56e117f7df701ab152d0d2036ea85218c",
        "type": "github"
      },
      "original": {
        "owner": "zhaofengli-wip",
        "repo": "nix-homebrew",
        "type": "github"
      }
    },
    "nixpkgs": {
      "locked": {
        "lastModified": 1758446476,
        "narHash": "sha256-5rdAi7CTvM/kSs6fHe1bREIva5W3TbImsto+dxG4mBo=",
        "owner": "NixOS",
        "repo": "nixpkgs",
        "rev": "a1f79a1770d05af18111fbbe2a3ab2c42c0f6cd0",
        "type": "github"
      },
      "original": {
        "owner": "NixOS",
        "ref": "nixpkgs-unstable",
        "repo": "nixpkgs",
        "type": "github"
      }
    },
    "root": {
      "inputs": {
        "darwin": "darwin",
        "homebrew-cask": "homebrew-cask",
        "homebrew-core": "homebrew-core",
        "nix-homebrew": "nix-homebrew",
        "nixpkgs": "nixpkgs"
      }
    }
  },
  "root": "root",
  "version": 7
}
